
Microsoft Visual Studio Solution File, Format Version 12.00
# Visual Studio Version 16
VisualStudioVersion = 16.0.30128.74
MinimumVisualStudioVersion = 10.0.40219.1
Project("{9A19103F-16F7-4668-BE54-9A1E7A4F7556}") = "Domain", "Domain\Domain.csproj", "{D8BC72AC-0B01-463E-A0E6-210572DA1658}"
EndProject
Project("{9A19103F-16F7-4668-BE54-9A1E7A4F7556}") = "Infrastructure", "Infrastructure\Infrastructure.csproj", "{0293DBEF-6923-40B3-B0D1-27F8BD6D2C5A}"
EndProject
Project("{9A19103F-16F7-4668-BE54-9A1E7A4F7556}") = "Application", "Application\Application.csproj", "{BA41D3F7-A256-44E4-A3BC-225116501836}"
EndProject
Project("{9A19103F-16F7-4668-BE54-9A1E7A4F7556}") = "BookStore.Web", "BookStore.Web\BookStore.Web.csproj", "{893E1047-8291-4612-B7AC-CBD000DECBB8}"
EndProject
Project("{9A19103F-16F7-4668-BE54-9A1E7A4F7556}") = "Dashboard.Web", "TestApplication.Web\Dashboard.Web.csproj", "{036A2BB9-6FEF-497C-8360-E66873B79135}"
EndProject
Project("{9A19103F-16F7-4668-BE54-9A1E7A4F7556}") = "DataLoader", "DataLoader\DataLoader.csproj", "{9491E335-C34A-4CF9-B38A-7E0FFC3F1DFD}"
EndProject
Global
	GlobalSection(SolutionConfigurationPlatforms) = preSolution
		Debug|Any CPU = Debug|Any CPU
		Release|Any CPU = Release|Any CPU
	EndGlobalSection
	GlobalSection(ProjectConfigurationPlatforms) = postSolution
		{D8BC72AC-0B01-463E-A0E6-210572DA1658}.Debug|Any CPU.ActiveCfg = Debug|Any CPU
		{D8BC72AC-0B01-463E-A0E6-210572DA1658}.Debug|Any CPU.Build.0 = Debug|Any CPU
		{D8BC72AC-0B01-463E-A0E6-210572DA1658}.Release|Any CPU.ActiveCfg = Release|Any CPU
		{D8BC72AC-0B01-463E-A0E6-210572DA1658}.Release|Any CPU.Build.0 = Release|Any CPU
		{0293DBEF-6923-40B3-B0D1-27F8BD6D2C5A}.Debug|Any CPU.ActiveCfg = Debug|Any CPU
		{0293DBEF-6923-40B3-B0D1-27F8BD6D2C5A}.Debug|Any CPU.Build.0 = Debug|Any CPU
		{0293DBEF-6923-40B3-B0D1-27F8BD6D2C5A}.Release|Any CPU.ActiveCfg = Release|Any CPU
		{0293DBEF-6923-40B3-B0D1-27F8BD6D2C5A}.Release|Any CPU.Build.0 = Release|Any CPU
		{BA41D3F7-A256-44E4-A3BC-225116501836}.Debug|Any CPU.ActiveCfg = Debug|Any CPU
		{BA41D3F7-A256-44E4-A3BC-225116501836}.Debug|Any CPU.Build.0 = Debug|Any CPU
		{BA41D3F7-A256-44E4-A3BC-225116501836}.Release|Any CPU.ActiveCfg = Release|Any CPU
		{BA41D3F7-A256-44E4-A3BC-225116501836}.Release|Any CPU.Build.0 = Release|Any CPU
		{893E1047-8291-4612-B7AC-CBD000DECBB8}.Debug|Any CPU.ActiveCfg = Debug|Any CPU
		{893E1047-8291-4612-B7AC-CBD000DECBB8}.Debug|Any CPU.Build.0 = Debug|Any CPU
		{893E1047-8291-4612-B7AC-CBD000DECBB8}.Release|Any CPU.ActiveCfg = Release|Any CPU
		{893E1047-8291-4612-B7AC-CBD000DECBB8}.Release|Any CPU.Build.0 = Release|Any CPU
		{036A2BB9-6FEF-497C-8360-E66873B79135}.Debug|Any CPU.ActiveCfg = Debug|Any CPU
		{036A2BB9-6FEF-497C-8360-E66873B79135}.Debug|Any CPU.Build.0 = Debug|Any CPU
		{036A2BB9-6FEF-497C-8360-E66873B79135}.Release|Any CPU.ActiveCfg = Release|Any CPU
		{036A2BB9-6FEF-497C-8360-E66873B79135}.Release|Any CPU.Build.0 = Release|Any CPU
		{9491E335-C34A-4CF9-B38A-7E0FFC3F1DFD}.Debug|Any CPU.ActiveCfg = Debug|Any CPU
		{9491E335-C34A-4CF9-B38A-7E0FFC3F1DFD}.Debug|Any CPU.Build.0 = Debug|Any CPU
		{9491E335-C34A-4CF9-B38A-7E0FFC3F1DFD}.Release|Any CPU.ActiveCfg = Release|Any CPU
		{9491E335-C34A-4CF9-B38A-7E0FFC3F1DFD}.Release|Any CPU.Build.0 = Release|Any CPU
	EndGlobalSection
	GlobalSection(SolutionProperties) = preSolution
		HideSolutionNode = FALSE
	EndGlobalSection
	GlobalSection(ExtensibilityGlobals) = postSolution
		SolutionGuid = {BAC13F7F-3618-4967-B7A8-90C9B067A644}
	EndGlobalSection
EndGlobal
